Microsoft Visual Studio Solution File, Format Version 12.00
# Visual Studio Version 16
VisualStudioVersion = 16.0.30225.117
MinimumVisualStudioVersion = 10.0.40219.1
Project("{9A19103F-16F7-4668-BE54-9A1E7A4F7556}") = "2Cache", "2Cache\2Cache.csproj", "{7EF6DA4F-0CED-414D-8B55-BCFD65A29DD2}"
EndProject
Project("{2150E333-8FDC-42A3-9474-1A3956D46DE8}") = "Tests", "Tests", "{C34A46E0-9259-41F7-8D18-1A0C6D8BCBBF}"
EndProject
Project("{9A19103F-16F7-4668-BE54-9A1E7A4F7556}") = "UnitTesting", "UnitTesting\UnitTesting.csproj", "{31592B27-03D4-466C-8ED6-D2ECFB5D8624}"
EndProject
Project("{9A19103F-16F7-4668-BE54-9A1E7A4F7556}") = "Test", "Test\Test.csproj", "{D24C473A-29E0-43A8-944E-DA3F30A21C77}"
EndProject
Global
	GlobalSection(SolutionConfigurationPlatforms) = preSolution
		Debug|Any CPU = Debug|Any CPU
		Release|Any CPU = Release|Any CPU
	EndGlobalSection
	GlobalSection(ProjectConfigurationPlatforms) = postSolution
		{7EF6DA4F-0CED-414D-8B55-BCFD65A29DD2}.Debug|Any CPU.ActiveCfg = Debug|Any CPU
		{7EF6DA4F-0CED-414D-8B55-BCFD65A29DD2}.Debug|Any CPU.Build.0 = Debug|Any CPU
		{7EF6DA4F-0CED-414D-8B55-BCFD65A29DD2}.Release|Any CPU.ActiveCfg = Release|Any CPU
		{7EF6DA4F-0CED-414D-8B55-BCFD65A29DD2}.Release|Any CPU.Build.0 = Release|Any CPU
		{31592B27-03D4-466C-8ED6-D2ECFB5D8624}.Debug|Any CPU.ActiveCfg = Debug|Any CPU
		{31592B27-03D4-466C-8ED6-D2ECFB5D8624}.Debug|Any CPU.Build.0 = Debug|Any CPU
		{31592B27-03D4-466C-8ED6-D2ECFB5D8624}.Release|Any CPU.ActiveCfg = Release|Any CPU
		{31592B27-03D4-466C-8ED6-D2ECFB5D8624}.Release|Any CPU.Build.0 = Release|Any CPU
		{D24C473A-29E0-43A8-944E-DA3F30A21C77}.Debug|Any CPU.ActiveCfg = Debug|Any CPU
		{D24C473A-29E0-43A8-944E-DA3F30A21C77}.Debug|Any CPU.Build.0 = Debug|Any CPU
		{D24C473A-29E0-43A8-944E-DA3F30A21C77}.Release|Any CPU.ActiveCfg = Release|Any CPU
		{D24C473A-29E0-43A8-944E-DA3F30A21C77}.Release|Any CPU.Build.0 = Release|Any CPU
	EndGlobalSection
	GlobalSection(SolutionProperties) = preSolution
		HideSolutionNode = FALSE
	EndGlobalSection
	GlobalSection(NestedProjects) = preSolution
		{31592B27-03D4-466C-8ED6-D2ECFB5D8624} = {C34A46E0-9259-41F7-8D18-1A0C6D8BCBBF}
	EndGlobalSection
	GlobalSection(ExtensibilityGlobals) = postSolution
		SolutionGuid = {D8682FEF-A6D1-435F-9B88-3BFC8FDCA0EC}
	EndGlobalSection
EndGlobal
